{
    "_meta": {
        "hash": {
            "sha256": "3ec0a42f2fe69f59c55c6a9fd657b89408cea6ca718f2586f636abc019c1d4ba"
        },
        "pipfile-spec": 6,
        "requires": {
            "python_version": "3.10"
        },
        "sources": [
            {
                "name": "pypi",
                "url": "https://pypi.org/simple",
                "verify_ssl": true
            }
        ]
    },
    "default": {
        "amqp": {
            "hashes": [
                "sha256:2c1b13fecc0893e946c65cbd5f36427861cffa4ea2201d8f6fca22e2a373b5e2",
                "sha256:6f0956d2c23d8fa6e7691934d8c3930eadb44972cbbd1a7ae3a520f735d43359"
            ],
            "markers": "python_version >= '3.6'",
            "version": "==5.1.1"
        },
        "asgiref": {
            "hashes": [
                "sha256:89b2ef2247e3b562a16eef663bc0e2e703ec6468e2fa8a5cd61cd449786d4f6e",
                "sha256:9e0ce3aa93a819ba5b45120216b23878cf6e8525eb3848653452b4192b92afed"
            ],
            "markers": "python_version >= '3.7'",
            "version": "==3.7.2"
        },
        "beautifulsoup4": {
            "hashes": [
                "sha256:492bbc69dca35d12daac71c4db1bfff0c876c00ef4a2ffacce226d4638eb72da",
                "sha256:bd2520ca0d9d7d12694a53d44ac482d181b4ec1888909b035a3dbf40d0f57d4a"
            ],
            "index": "pypi",
            "version": "==4.12.2"
        },
        "billiard": {
            "hashes": [
                "sha256:0f50d6be051c6b2b75bfbc8bfd85af195c5739c281d3f5b86a5640c65563614a",
                "sha256:1ad2eeae8e28053d729ba3373d34d9d6e210f6e4d8bf0a9c64f92bd053f1edf5"
            ],
            "markers": "python_version >= '3.7'",
            "version": "==4.1.0"
        },
        "celery": {
            "extras": [],
            "hashes": [
                "sha256:27f8f3f3b58de6e0ab4f174791383bbd7445aff0471a43e99cfd77727940753f",
                "sha256:f84d1c21a1520c116c2b7d26593926581191435a03aa74b77c941b93ca1c6210"
            ],
            "index": "pypi",
            "version": "==5.3.1"
        },
        "click": {
            "hashes": [
                "sha256:48ee849951919527a045bfe3bf7baa8a959c423134e1a5b98c05c20ba75a1cbd",
                "sha256:fa244bb30b3b5ee2cae3da8f55c9e5e0c0e86093306301fb418eb9dc40fbded5"
            ],
            "markers": "python_version >= '3.7'",
            "version": "==8.1.6"
        },
        "click-didyoumean": {
            "hashes": [
                "sha256:a0713dc7a1de3f06bc0df5a9567ad19ead2d3d5689b434768a6145bff77c0667",
                "sha256:f184f0d851d96b6d29297354ed981b7dd71df7ff500d82fa6d11f0856bee8035"
            ],
            "markers": "python_full_version >= '3.6.2' and python_full_version < '4.0.0'",
            "version": "==0.3.0"
        },
        "click-plugins": {
            "hashes": [
                "sha256:46ab999744a9d831159c3411bb0c79346d94a444df9a3a3742e9ed63645f264b",
                "sha256:5d262006d3222f5057fd81e1623d4443e41dcda5dc815c06b442aa3c02889fc8"
            ],
            "version": "==1.1.1"
        },
        "click-repl": {
            "hashes": [
                "sha256:17849c23dba3d667247dc4defe1757fff98694e90fe37474f3feebb69ced26a9",
                "sha256:fb7e06deb8da8de86180a33a9da97ac316751c094c6899382da7feeeeb51b812"
            ],
            "markers": "python_version >= '3.6'",
            "version": "==0.3.0"
        },
        "django": {
            "hashes": [
                "sha256:a67a793ff6827fd373555537dca0da293a63a316fe34cb7f367f898ccca3c3ae",
                "sha256:ca54ebedfcbc60d191391efbf02ba68fb52165b8bf6ccd6fe71f098cac1fe59e"
            ],
            "index": "pypi",
            "version": "==4.0.6"
        },
        "django-crispy-forms": {
            "hashes": [
                "sha256:90193b068bf948d9c68449bc8260afed1a8e2afe11ee0bac8c4ebfaeb175b322",
                "sha256:d1d4e585929058a9ab3b797666ea5b69320b9ba7937f9d146d32173246a6fd13"
            ],
            "index": "pypi",
            "version": "==2.0"
        },
        "flower": {
            "hashes": [
                "sha256:5657785d728a54914256c34fd0551fe2d7152aab08062ebc645bf86b97b8aec5",
                "sha256:571f9ed1c57a622e862de35eceb8a4244f023fbcfb7175f53e45ebe679f46d90"
            ],
            "index": "pypi",
            "version": "==2.0.0"
        },
        "humanize": {
            "hashes": [
                "sha256:7ca0e43e870981fa684acb5b062deb307218193bca1a01f2b2676479df849b3a",
                "sha256:df7c429c2d27372b249d3f26eb53b07b166b661326e0325793e0a988082e3889"
            ],
            "markers": "python_version >= '3.8'",
            "version": "==4.7.0"
        },
        "kombu": {
            "hashes": [
                "sha256:48ee589e8833126fd01ceaa08f8a2041334e9f5894e5763c8486a550454551e9",
                "sha256:fbd7572d92c0bf71c112a6b45163153dea5a7b6a701ec16b568c27d0fd2370f2"
            ],
            "markers": "python_version >= '3.8'",
            "version": "==5.3.1"
        },
        "prometheus-client": {
            "hashes": [
                "sha256:21e674f39831ae3f8acde238afd9a27a37d0d2fb5a28ea094f0ce25d2cbf2091",
                "sha256:e537f37160f6807b8202a6fc4764cdd19bac5480ddd3e0d463c3002b34462101"
            ],
            "markers": "python_version >= '3.6'",
            "version": "==0.17.1"
        },
        "prompt-toolkit": {
            "hashes": [
                "sha256:04505ade687dc26dc4284b1ad19a83be2f2afe83e7a828ace0c72f3a1df72aac",
                "sha256:9dffbe1d8acf91e3de75f3b544e4842382fc06c6babe903ac9acb74dc6e08d88"
            ],
            "markers": "python_full_version >= '3.7.0'",
            "version": "==3.0.39"
        },
        "python-dateutil": {
            "hashes": [
                "sha256:0123cacc1627ae19ddf3c27a5de5bd67ee4586fbdd6440d9748f8abb483d3e86",
                "sha256:961d03dc3453ebbc59dbdea9e4e11c5651520a876d0f4db161e8674aae935da9"
            ],
            "markers": "python_version >= '2.7' and python_version not in '3.0, 3.1, 3.2, 3.3'",
            "version": "==2.8.2"
        },
        "pytz": {
            "hashes": [
                "sha256:1d8ce29db189191fb55338ee6d0387d82ab59f3d00eac103412d64e0ebd0c588",
                "sha256:a151b3abb88eda1d4e34a9814df37de2a80e301e68ba0fd856fb9b46bfbbbffb"
            ],
            "version": "==2023.3"
        },
        "redis": {
            "hashes": [
                "sha256:585dc516b9eb042a619ef0a39c3d7d55fe81bdb4df09a52c9cdde0d07bf1aa7d",
                "sha256:e2b03db868160ee4591de3cb90d40ebb50a90dd302138775937f6a42b7ed183c"
            ],
            "index": "pypi",
            "version": "==4.6.0"
        },
        "six": {
            "hashes": [
                "sha256:1e61c37477a1626458e36f7b1d82aa5c9b094fa4802892072e49de9c60c4c926",
                "sha256:8abb2f1d86890a2dfb989f9a77cfcfd3e47c2a354b01111771326f8aa26e0254"
            ],
            "markers": "python_version >= '2.7' and python_version not in '3.0, 3.1, 3.2, 3.3'",
            "version": "==1.16.0"
        },
        "soupsieve": {
            "hashes": [
                "sha256:1c1bfee6819544a3447586c889157365a27e10d88cde3ad3da0cf0ddf646feb8",
                "sha256:89d12b2d5dfcd2c9e8c22326da9d9aa9cb3dfab0a83a024f05704076ee8d35ea"
            ],
            "markers": "python_version >= '3.7'",
            "version": "==2.4.1"
        },
        "sqlparse": {
            "hashes": [
                "sha256:5430a4fe2ac7d0f93e66f1efc6e1338a41884b7ddf2a350cedd20ccc4d9d28f3",
                "sha256:d446183e84b8349fa3061f0fe7f06ca94ba65b426946ffebe6e3e8295332420c"
            ],
            "markers": "python_version >= '3.5'",
            "version": "==0.4.4"
        },
        "tornado": {
            "hashes": [
                "sha256:05615096845cf50a895026f749195bf0b10b8909f9be672f50b0fe69cba368e4",
                "sha256:0c325e66c8123c606eea33084976c832aa4e766b7dff8aedd7587ea44a604cdf",
                "sha256:29e71c847a35f6e10ca3b5c2990a52ce38b233019d8e858b755ea6ce4dcdd19d",
                "sha256:4b927c4f19b71e627b13f3db2324e4ae660527143f9e1f2e2fb404f3a187e2ba",
                "sha256:5b17b1cf5f8354efa3d37c6e28fdfd9c1c1e5122f2cb56dac121ac61baa47cbe",
                "sha256:6a0848f1aea0d196a7c4f6772197cbe2abc4266f836b0aac76947872cd29b411",
                "sha256:7efcbcc30b7c654eb6a8c9c9da787a851c18f8ccd4a5a3a95b05c7accfa068d2",
                "sha256:834ae7540ad3a83199a8da8f9f2d383e3c3d5130a328889e4cc991acc81e87a0",
                "sha256:b46a6ab20f5c7c1cb949c72c1994a4585d2eaa0be4853f50a03b5031e964fc7c",
                "sha256:c2de14066c4a38b4ecbbcd55c5cc4b5340eb04f1c5e81da7451ef555859c833f",
                "sha256:c367ab6c0393d71171123ca5515c61ff62fe09024fa6bf299cd1339dc9456829"
            ],
            "markers": "python_version >= '3.8'",
            "version": "==6.3.2"
        },
        "tzdata": {
            "hashes": [
                "sha256:11ef1e08e54acb0d4f95bdb1be05da659673de4acbd21bf9c69e94cc5e907a3a",
                "sha256:7e65763eef3120314099b6939b5546db7adce1e7d6f2e179e3df563c70511eda"
            ],
            "markers": "python_version >= '2'",
            "version": "==2023.3"
        },
        "vine": {
            "hashes": [
                "sha256:4c9dceab6f76ed92105027c49c823800dd33cacce13bdedc5b914e3514b7fb30",
                "sha256:7d3b1624a953da82ef63462013bbd271d3eb75751489f9807598e8f340bd637e"
            ],
            "markers": "python_version >= '3.6'",
            "version": "==5.0.0"
        },
        "wcwidth": {
            "hashes": [
                "sha256:795b138f6875577cd91bba52baf9e445cd5118fd32723b460e30a0af30ea230e",
                "sha256:a5220780a404dbe3353789870978e472cfe477761f06ee55077256e509b156d0"
            ],
            "version": "==0.2.6"
        }
    },
    "develop": {
        "amqp": {
            "hashes": [
                "sha256:2c1b13fecc0893e946c65cbd5f36427861cffa4ea2201d8f6fca22e2a373b5e2",
                "sha256:6f0956d2c23d8fa6e7691934d8c3930eadb44972cbbd1a7ae3a520f735d43359"
            ],
            "markers": "python_version >= '3.6'",
            "version": "==5.1.1"
        },
        "billiard": {
            "hashes": [
                "sha256:0f50d6be051c6b2b75bfbc8bfd85af195c5739c281d3f5b86a5640c65563614a",
                "sha256:1ad2eeae8e28053d729ba3373d34d9d6e210f6e4d8bf0a9c64f92bd053f1edf5"
            ],
            "markers": "python_version >= '3.7'",
            "version": "==4.1.0"
        },
        "celery": {
            "extras": [],
            "hashes": [
                "sha256:27f8f3f3b58de6e0ab4f174791383bbd7445aff0471a43e99cfd77727940753f",
                "sha256:f84d1c21a1520c116c2b7d26593926581191435a03aa74b77c941b93ca1c6210"
            ],
            "index": "pypi",
            "version": "==5.3.1"
        },
        "click": {
            "hashes": [
                "sha256:48ee849951919527a045bfe3bf7baa8a959c423134e1a5b98c05c20ba75a1cbd",
                "sha256:fa244bb30b3b5ee2cae3da8f55c9e5e0c0e86093306301fb418eb9dc40fbded5"
            ],
            "markers": "python_version >= '3.7'",
            "version": "==8.1.6"
        },
        "click-didyoumean": {
            "hashes": [
                "sha256:a0713dc7a1de3f06bc0df5a9567ad19ead2d3d5689b434768a6145bff77c0667",
                "sha256:f184f0d851d96b6d29297354ed981b7dd71df7ff500d82fa6d11f0856bee8035"
            ],
            "markers": "python_full_version >= '3.6.2' and python_full_version < '4.0.0'",
            "version": "==0.3.0"
        },
        "click-plugins": {
            "hashes": [
                "sha256:46ab999744a9d831159c3411bb0c79346d94a444df9a3a3742e9ed63645f264b",
                "sha256:5d262006d3222f5057fd81e1623d4443e41dcda5dc815c06b442aa3c02889fc8"
            ],
            "version": "==1.1.1"
        },
        "click-repl": {
            "hashes": [
                "sha256:17849c23dba3d667247dc4defe1757fff98694e90fe37474f3feebb69ced26a9",
                "sha256:fb7e06deb8da8de86180a33a9da97ac316751c094c6899382da7feeeeb51b812"
            ],
            "markers": "python_version >= '3.6'",
            "version": "==0.3.0"
        },
        "flower": {
            "hashes": [
                "sha256:5657785d728a54914256c34fd0551fe2d7152aab08062ebc645bf86b97b8aec5",
                "sha256:571f9ed1c57a622e862de35eceb8a4244f023fbcfb7175f53e45ebe679f46d90"
            ],
            "index": "pypi",
            "version": "==2.0.0"
        },
        "humanize": {
            "hashes": [
                "sha256:7ca0e43e870981fa684acb5b062deb307218193bca1a01f2b2676479df849b3a",
                "sha256:df7c429c2d27372b249d3f26eb53b07b166b661326e0325793e0a988082e3889"
            ],
            "markers": "python_version >= '3.8'",
            "version": "==4.7.0"
        },
        "kombu": {
            "hashes": [
                "sha256:48ee589e8833126fd01ceaa08f8a2041334e9f5894e5763c8486a550454551e9",
                "sha256:fbd7572d92c0bf71c112a6b45163153dea5a7b6a701ec16b568c27d0fd2370f2"
            ],
            "markers": "python_version >= '3.8'",
            "version": "==5.3.1"
        },
        "prometheus-client": {
            "hashes": [
                "sha256:21e674f39831ae3f8acde238afd9a27a37d0d2fb5a28ea094f0ce25d2cbf2091",
                "sha256:e537f37160f6807b8202a6fc4764cdd19bac5480ddd3e0d463c3002b34462101"
            ],
            "markers": "python_version >= '3.6'",
            "version": "==0.17.1"
        },
        "prompt-toolkit": {
            "hashes": [
                "sha256:04505ade687dc26dc4284b1ad19a83be2f2afe83e7a828ace0c72f3a1df72aac",
                "sha256:9dffbe1d8acf91e3de75f3b544e4842382fc06c6babe903ac9acb74dc6e08d88"
            ],
            "markers": "python_full_version >= '3.7.0'",
            "version": "==3.0.39"
        },
        "python-dateutil": {
            "hashes": [
                "sha256:0123cacc1627ae19ddf3c27a5de5bd67ee4586fbdd6440d9748f8abb483d3e86",
                "sha256:961d03dc3453ebbc59dbdea9e4e11c5651520a876d0f4db161e8674aae935da9"
            ],
            "markers": "python_version >= '2.7' and python_version not in '3.0, 3.1, 3.2, 3.3'",
            "version": "==2.8.2"
        },
        "pytz": {
            "hashes": [
                "sha256:1d8ce29db189191fb55338ee6d0387d82ab59f3d00eac103412d64e0ebd0c588",
                "sha256:a151b3abb88eda1d4e34a9814df37de2a80e301e68ba0fd856fb9b46bfbbbffb"
            ],
            "version": "==2023.3"
        },
        "six": {
            "hashes": [
                "sha256:1e61c37477a1626458e36f7b1d82aa5c9b094fa4802892072e49de9c60c4c926",
                "sha256:8abb2f1d86890a2dfb989f9a77cfcfd3e47c2a354b01111771326f8aa26e0254"
            ],
            "markers": "python_version >= '2.7' and python_version not in '3.0, 3.1, 3.2, 3.3'",
            "version": "==1.16.0"
        },
        "tornado": {
            "hashes": [
                "sha256:05615096845cf50a895026f749195bf0b10b8909f9be672f50b0fe69cba368e4",
                "sha256:0c325e66c8123c606eea33084976c832aa4e766b7dff8aedd7587ea44a604cdf",
                "sha256:29e71c847a35f6e10ca3b5c2990a52ce38b233019d8e858b755ea6ce4dcdd19d",
                "sha256:4b927c4f19b71e627b13f3db2324e4ae660527143f9e1f2e2fb404f3a187e2ba",
                "sha256:5b17b1cf5f8354efa3d37c6e28fdfd9c1c1e5122f2cb56dac121ac61baa47cbe",
                "sha256:6a0848f1aea0d196a7c4f6772197cbe2abc4266f836b0aac76947872cd29b411",
                "sha256:7efcbcc30b7c654eb6a8c9c9da787a851c18f8ccd4a5a3a95b05c7accfa068d2",
                "sha256:834ae7540ad3a83199a8da8f9f2d383e3c3d5130a328889e4cc991acc81e87a0",
                "sha256:b46a6ab20f5c7c1cb949c72c1994a4585d2eaa0be4853f50a03b5031e964fc7c",
                "sha256:c2de14066c4a38b4ecbbcd55c5cc4b5340eb04f1c5e81da7451ef555859c833f",
                "sha256:c367ab6c0393d71171123ca5515c61ff62fe09024fa6bf299cd1339dc9456829"
            ],
            "markers": "python_version >= '3.8'",
            "version": "==6.3.2"
        },
        "tzdata": {
            "hashes": [
                "sha256:11ef1e08e54acb0d4f95bdb1be05da659673de4acbd21bf9c69e94cc5e907a3a",
                "sha256:7e65763eef3120314099b6939b5546db7adce1e7d6f2e179e3df563c70511eda"
            ],
            "markers": "python_version >= '2'",
            "version": "==2023.3"
        },
        "vine": {
            "hashes": [
                "sha256:4c9dceab6f76ed92105027c49c823800dd33cacce13bdedc5b914e3514b7fb30",
                "sha256:7d3b1624a953da82ef63462013bbd271d3eb75751489f9807598e8f340bd637e"
            ],
            "markers": "python_version >= '3.6'",
            "version": "==5.0.0"
        },
        "wcwidth": {
            "hashes": [
                "sha256:795b138f6875577cd91bba52baf9e445cd5118fd32723b460e30a0af30ea230e",
                "sha256:a5220780a404dbe3353789870978e472cfe477761f06ee55077256e509b156d0"
            ],
            "version": "==0.2.6"
        }
    }
}
